
Microsoft Visual Studio Solution File, Format Version 12.00
# Visual Studio Version 16
VisualStudioVersion = 16.0.31624.102
MinimumVisualStudioVersion = 10.0.40219.1
Project("{9A19103F-16F7-4668-BE54-9A1E7A4F7556}") = "DIO.Bank", "DIO.Bank.csproj", "{ECB98CAC-A101-468C-AA15-09793E61E4AE}"
EndProject
Global
	GlobalSection(SolutionConfigurationPlatforms) = preSolution
		Debug|Any CPU = Debug|Any CPU
		Release|Any CPU = Release|Any CPU
	EndGlobalSection
	GlobalSection(ProjectConfigurationPlatforms) = postSolution
		{ECB98CAC-A101-468C-AA15-09793E61E4AE}.Debug|Any CPU.ActiveCfg = Debug|Any CPU
		{ECB98CAC-A101-468C-AA15-09793E61E4AE}.Debug|Any CPU.Build.0 = Debug|Any CPU
		{ECB98CAC-A101-468C-AA15-09793E61E4AE}.Release|Any CPU.ActiveCfg = Release|Any CPU
		{ECB98CAC-A101-468C-AA15-09793E61E4AE}.Release|Any CPU.Build.0 = Release|Any CPU
	EndGlobalSection
	GlobalSection(SolutionProperties) = preSolution
		HideSolutionNode = FALSE
	EndGlobalSection
	GlobalSection(ExtensibilityGlobals) = postSolution
		SolutionGuid = {1CEDA658-0DA7-4883-9945-D0410D77F090}
	EndGlobalSection
EndGlobal
